
Microsoft Visual Studio Solution File, Format Version 12.00
# Visual Studio 15
VisualStudioVersion = 15.0.28307.572
MinimumVisualStudioVersion = 10.0.40219.1
Project("{FAE04EC0-301F-11D3-BF4B-00C04F79EFBC}") = "xy", "xy\xy.csproj", "{D21DDB47-3238-48F0-96D4-7DF85F8359C0}"
EndProject
Global
	GlobalSection(SolutionConfigurationPlatforms) = preSolution
		Debug|Any CPU = Debug|Any CPU
		Release|Any CPU = Release|Any CPU
	EndGlobalSection
	GlobalSection(ProjectConfigurationPlatforms) = postSolution
		{D21DDB47-3238-48F0-96D4-7DF85F8359C0}.Debug|Any CPU.ActiveCfg = Debug|Any CPU
		{D21DDB47-3238-48F0-96D4-7DF85F8359C0}.Debug|Any CPU.Build.0 = Debug|Any CPU
		{D21DDB47-3238-48F0-96D4-7DF85F8359C0}.Release|Any CPU.ActiveCfg = Release|Any CPU
		{D21DDB47-3238-48F0-96D4-7DF85F8359C0}.Release|Any CPU.Build.0 = Release|Any CPU
	EndGlobalSection
	GlobalSection(SolutionProperties) = preSolution
		HideSolutionNode = FALSE
	EndGlobalSection
	GlobalSection(ExtensibilityGlobals) = postSolution
		SolutionGuid = {A9509E4F-0F74-461F-9080-C852BE8A3AF9}
	EndGlobalSection
EndGlobal
