
Microsoft Visual Studio Solution File, Format Version 12.00
# Visual Studio 15
VisualStudioVersion = 15.0.28307.572
MinimumVisualStudioVersion = 10.0.40219.1
Project("{FAE04EC0-301F-11D3-BF4B-00C04F79EFBC}") = "WcfService1", "WcfService1\WcfService1.csproj", "{1A8ECBA2-6393-476E-A330-79E2FC214C29}"
EndProject
Global
	GlobalSection(SolutionConfigurationPlatforms) = preSolution
		Debug|Any CPU = Debug|Any CPU
		Release|Any CPU = Release|Any CPU
	EndGlobalSection
	GlobalSection(ProjectConfigurationPlatforms) = postSolution
		{1A8ECBA2-6393-476E-A330-79E2FC214C29}.Debug|Any CPU.ActiveCfg = Debug|Any CPU
		{1A8ECBA2-6393-476E-A330-79E2FC214C29}.Debug|Any CPU.Build.0 = Debug|Any CPU
		{1A8ECBA2-6393-476E-A330-79E2FC214C29}.Release|Any CPU.ActiveCfg = Release|Any CPU
		{1A8ECBA2-6393-476E-A330-79E2FC214C29}.Release|Any CPU.Build.0 = Release|Any CPU
	EndGlobalSection
	GlobalSection(SolutionProperties) = preSolution
		HideSolutionNode = FALSE
	EndGlobalSection
	GlobalSection(ExtensibilityGlobals) = postSolution
		SolutionGuid = {BEFCE587-B58C-44E0-9353-282510D12D54}
	EndGlobalSection
EndGlobal
